
Microsoft Visual Studio Solution File, Format Version 12.00
# Visual Studio Version 17
VisualStudioVersion = 17.8.34322.80
MinimumVisualStudioVersion = 10.0.40219.1
Project("{FAE04EC0-301F-11D3-BF4B-00C04F79EFBC}") = "ChatServer", "ChatServer\ChatServer.csproj", "{BD131CA7-AFC6-49BA-8956-C54BC4E793B4}"
EndProject
Project("{FAE04EC0-301F-11D3-BF4B-00C04F79EFBC}") = "ChatClient", "ChatClient\ChatClient.csproj", "{6197755A-A7F7-4E59-A48A-119691A7F3C2}"
EndProject
Global
	GlobalSection(SolutionConfigurationPlatforms) = preSolution
		Debug|Any CPU = Debug|Any CPU
		Release|Any CPU = Release|Any CPU
	EndGlobalSection
	GlobalSection(ProjectConfigurationPlatforms) = postSolution
		{BD131CA7-AFC6-49BA-8956-C54BC4E793B4}.Debug|Any CPU.ActiveCfg = Debug|Any CPU
		{BD131CA7-AFC6-49BA-8956-C54BC4E793B4}.Debug|Any CPU.Build.0 = Debug|Any CPU
		{BD131CA7-AFC6-49BA-8956-C54BC4E793B4}.Release|Any CPU.ActiveCfg = Release|Any CPU
		{BD131CA7-AFC6-49BA-8956-C54BC4E793B4}.Release|Any CPU.Build.0 = Release|Any CPU
		{6197755A-A7F7-4E59-A48A-119691A7F3C2}.Debug|Any CPU.ActiveCfg = Debug|Any CPU
		{6197755A-A7F7-4E59-A48A-119691A7F3C2}.Debug|Any CPU.Build.0 = Debug|Any CPU
		{6197755A-A7F7-4E59-A48A-119691A7F3C2}.Release|Any CPU.ActiveCfg = Release|Any CPU
		{6197755A-A7F7-4E59-A48A-119691A7F3C2}.Release|Any CPU.Build.0 = Release|Any CPU
	EndGlobalSection
	GlobalSection(SolutionProperties) = preSolution
		HideSolutionNode = FALSE
	EndGlobalSection
	GlobalSection(ExtensibilityGlobals) = postSolution
		SolutionGuid = {A476494E-CB49-4464-81AE-4188558A77A4}
	EndGlobalSection
EndGlobal
